
Microsoft Visual Studio Solution File, Format Version 12.00
# Visual Studio 15
VisualStudioVersion = 15.0.27130.2010
MinimumVisualStudioVersion = 10.0.40219.1
Project("{FAE04EC0-301F-11D3-BF4B-00C04F79EFBC}") = "App4.Android", "App4\App4.Android\App4.Android.csproj", "{2825FF80-1031-41F5-8802-657A400CFDF4}"
EndProject
Project("{FAE04EC0-301F-11D3-BF4B-00C04F79EFBC}") = "App4.iOS", "App4\App4.iOS\App4.iOS.csproj", "{1E2F9841-FC77-4A82-82AF-F1B2799EB718}"
EndProject
Project("{D954291E-2A0B-460D-934E-DC6B0785DB48}") = "App4", "App4\App4\App4.shproj", "{C17C4F9B-0CF7-4AD8-A2B6-177DA9BC88B3}"
EndProject
Global
	GlobalSection(SharedMSBuildProjectFiles) = preSolution
		App4\App4\App4.projitems*{1e2f9841-fc77-4a82-82af-f1b2799eb718}*SharedItemsImports = 4
		App4\App4\App4.projitems*{2825ff80-1031-41f5-8802-657a400cfdf4}*SharedItemsImports = 4
		App4\App4\App4.projitems*{c17c4f9b-0cf7-4ad8-a2b6-177da9bc88b3}*SharedItemsImports = 13
	EndGlobalSection
	GlobalSection(SolutionConfigurationPlatforms) = preSolution
		Debug|Any CPU = Debug|Any CPU
		Debug|iPhone = Debug|iPhone
		Debug|iPhoneSimulator = Debug|iPhoneSimulator
		Release|Any CPU = Release|Any CPU
		Release|iPhone = Release|iPhone
		Release|iPhoneSimulator = Release|iPhoneSimulator
	EndGlobalSection
	GlobalSection(ProjectConfigurationPlatforms) = postSolution
		{2825FF80-1031-41F5-8802-657A400CFDF4}.Debug|Any CPU.ActiveCfg = Debug|Any CPU
		{2825FF80-1031-41F5-8802-657A400CFDF4}.Debug|Any CPU.Build.0 = Debug|Any CPU
		{2825FF80-1031-41F5-8802-657A400CFDF4}.Debug|Any CPU.Deploy.0 = Debug|Any CPU
		{2825FF80-1031-41F5-8802-657A400CFDF4}.Debug|iPhone.ActiveCfg = Debug|Any CPU
		{2825FF80-1031-41F5-8802-657A400CFDF4}.Debug|iPhone.Build.0 = Debug|Any CPU
		{2825FF80-1031-41F5-8802-657A400CFDF4}.Debug|iPhone.Deploy.0 = Debug|Any CPU
		{2825FF80-1031-41F5-8802-657A400CFDF4}.Debug|iPhoneSimulator.ActiveCfg = Debug|Any CPU
		{2825FF80-1031-41F5-8802-657A400CFDF4}.Debug|iPhoneSimulator.Build.0 = Debug|Any CPU
		{2825FF80-1031-41F5-8802-657A400CFDF4}.Debug|iPhoneSimulator.Deploy.0 = Debug|Any CPU
		{2825FF80-1031-41F5-8802-657A400CFDF4}.Release|Any CPU.ActiveCfg = Release|Any CPU
		{2825FF80-1031-41F5-8802-657A400CFDF4}.Release|Any CPU.Build.0 = Release|Any CPU
		{2825FF80-1031-41F5-8802-657A400CFDF4}.Release|Any CPU.Deploy.0 = Release|Any CPU
		{2825FF80-1031-41F5-8802-657A400CFDF4}.Release|iPhone.ActiveCfg = Release|Any CPU
		{2825FF80-1031-41F5-8802-657A400CFDF4}.Release|iPhone.Build.0 = Release|Any CPU
		{2825FF80-1031-41F5-8802-657A400CFDF4}.Release|iPhone.Deploy.0 = Release|Any CPU
		{2825FF80-1031-41F5-8802-657A400CFDF4}.Release|iPhoneSimulator.ActiveCfg = Release|Any CPU
		{2825FF80-1031-41F5-8802-657A400CFDF4}.Release|iPhoneSimulator.Build.0 = Release|Any CPU
		{2825FF80-1031-41F5-8802-657A400CFDF4}.Release|iPhoneSimulator.Deploy.0 = Release|Any CPU
		{1E2F9841-FC77-4A82-82AF-F1B2799EB718}.Debug|Any CPU.ActiveCfg = Debug|iPhone
		{1E2F9841-FC77-4A82-82AF-F1B2799EB718}.Debug|iPhone.ActiveCfg = Debug|iPhone
		{1E2F9841-FC77-4A82-82AF-F1B2799EB718}.Debug|iPhone.Build.0 = Debug|iPhone
		{1E2F9841-FC77-4A82-82AF-F1B2799EB718}.Debug|iPhoneSimulator.ActiveCfg = Debug|iPhoneSimulator
		{1E2F9841-FC77-4A82-82AF-F1B2799EB718}.Debug|iPhoneSimulator.Build.0 = Debug|iPhoneSimulator
		{1E2F9841-FC77-4A82-82AF-F1B2799EB718}.Release|Any CPU.ActiveCfg = Release|iPhone
		{1E2F9841-FC77-4A82-82AF-F1B2799EB718}.Release|iPhone.ActiveCfg = Release|iPhone
		{1E2F9841-FC77-4A82-82AF-F1B2799EB718}.Release|iPhone.Build.0 = Release|iPhone
		{1E2F9841-FC77-4A82-82AF-F1B2799EB718}.Release|iPhoneSimulator.ActiveCfg = Release|iPhoneSimulator
		{1E2F9841-FC77-4A82-82AF-F1B2799EB718}.Release|iPhoneSimulator.Build.0 = Release|iPhoneSimulator
	EndGlobalSection
	GlobalSection(SolutionProperties) = preSolution
		HideSolutionNode = FALSE
	EndGlobalSection
	GlobalSection(ExtensibilityGlobals) = postSolution
		SolutionGuid = {1C009869-C141-46F4-A92A-9D87E0ABCB5A}
	EndGlobalSection
EndGlobal
